
Microsoft Visual Studio Solution File, Format Version 12.00
# Visual Studio 15
VisualStudioVersion = 15.0.28307.168
MinimumVisualStudioVersion = 10.0.40219.1
Project("{FAE04EC0-301F-11D3-BF4B-00C04F79EFBC}") = "blablablablabla", "blablablablabla\blablablablabla.csproj", "{2F6BFC32-D97B-4B9C-8FF8-A7C4E4B8F4DD}"
EndProject
Global
	GlobalSection(SolutionConfigurationPlatforms) = preSolution
		Debug|Any CPU = Debug|Any CPU
		Release|Any CPU = Release|Any CPU
	EndGlobalSection
	GlobalSection(ProjectConfigurationPlatforms) = postSolution
		{2F6BFC32-D97B-4B9C-8FF8-A7C4E4B8F4DD}.Debug|Any CPU.ActiveCfg = Debug|Any CPU
		{2F6BFC32-D97B-4B9C-8FF8-A7C4E4B8F4DD}.Debug|Any CPU.Build.0 = Debug|Any CPU
		{2F6BFC32-D97B-4B9C-8FF8-A7C4E4B8F4DD}.Release|Any CPU.ActiveCfg = Release|Any CPU
		{2F6BFC32-D97B-4B9C-8FF8-A7C4E4B8F4DD}.Release|Any CPU.Build.0 = Release|Any CPU
	EndGlobalSection
	GlobalSection(SolutionProperties) = preSolution
		HideSolutionNode = FALSE
	EndGlobalSection
	GlobalSection(ExtensibilityGlobals) = postSolution
		SolutionGuid = {305F4FA7-FC0C-4566-8437-5809E49FC006}
	EndGlobalSection
EndGlobal
